
Microsoft Visual Studio Solution File, Format Version 12.00
# Visual Studio Version 17
VisualStudioVersion = 17.4.33213.308
MinimumVisualStudioVersion = 10.0.40219.1
Project("{FAE04EC0-301F-11D3-BF4B-00C04F79EFBC}") = "eTicket", "eTicket\eTicket.csproj", "{7B55A36D-2792-4AF3-A65F-FBD3EDBD79E2}"
EndProject
Global
	GlobalSection(SolutionConfigurationPlatforms) = preSolution
		Debug|Any CPU = Debug|Any CPU
		Release|Any CPU = Release|Any CPU
	EndGlobalSection
	GlobalSection(ProjectConfigurationPlatforms) = postSolution
		{7B55A36D-2792-4AF3-A65F-FBD3EDBD79E2}.Debug|Any CPU.ActiveCfg = Debug|Any CPU
		{7B55A36D-2792-4AF3-A65F-FBD3EDBD79E2}.Debug|Any CPU.Build.0 = Debug|Any CPU
		{7B55A36D-2792-4AF3-A65F-FBD3EDBD79E2}.Release|Any CPU.ActiveCfg = Release|Any CPU
		{7B55A36D-2792-4AF3-A65F-FBD3EDBD79E2}.Release|Any CPU.Build.0 = Release|Any CPU
	EndGlobalSection
	GlobalSection(SolutionProperties) = preSolution
		HideSolutionNode = FALSE
	EndGlobalSection
	GlobalSection(ExtensibilityGlobals) = postSolution
		SolutionGuid = {0733FC97-3557-4781-93E6-8A34B9247341}
	EndGlobalSection
EndGlobal
